
Microsoft Visual Studio Solution File, Format Version 12.00
# Visual Studio Version 17
VisualStudioVersion = 17.4.33205.214
MinimumVisualStudioVersion = 10.0.40219.1
Project("{FAE04EC0-301F-11D3-BF4B-00C04F79EFBC}") = "BreakStatement", "BreakStatement\BreakStatement.csproj", "{C31559AB-E946-428F-B067-FD64F0E03115}"
EndProject
Global
	GlobalSection(SolutionConfigurationPlatforms) = preSolution
		Debug|Any CPU = Debug|Any CPU
		Release|Any CPU = Release|Any CPU
	EndGlobalSection
	GlobalSection(ProjectConfigurationPlatforms) = postSolution
		{C31559AB-E946-428F-B067-FD64F0E03115}.Debug|Any CPU.ActiveCfg = Debug|Any CPU
		{C31559AB-E946-428F-B067-FD64F0E03115}.Debug|Any CPU.Build.0 = Debug|Any CPU
		{C31559AB-E946-428F-B067-FD64F0E03115}.Release|Any CPU.ActiveCfg = Release|Any CPU
		{C31559AB-E946-428F-B067-FD64F0E03115}.Release|Any CPU.Build.0 = Release|Any CPU
	EndGlobalSection
	GlobalSection(SolutionProperties) = preSolution
		HideSolutionNode = FALSE
	EndGlobalSection
	GlobalSection(ExtensibilityGlobals) = postSolution
		SolutionGuid = {1D0E6DAB-1D42-49B9-B776-5526637D0EB6}
	EndGlobalSection
EndGlobal
